
Microsoft Visual Studio Solution File, Format Version 12.00
# Visual Studio 15
VisualStudioVersion = 15.0.27130.2036
MinimumVisualStudioVersion = 10.0.40219.1
Project("{FAE04EC0-301F-11D3-BF4B-00C04F79EFBC}") = "ISET2018_Gestion", "ISET2018_Gestion\ISET2018_Gestion.csproj", "{2750996B-E7A0-463A-9FD5-E1751048DBD6}"
EndProject
Global
	GlobalSection(SolutionConfigurationPlatforms) = preSolution
		Debug|Any CPU = Debug|Any CPU
		Release|Any CPU = Release|Any CPU
	EndGlobalSection
	GlobalSection(ProjectConfigurationPlatforms) = postSolution
		{2750996B-E7A0-463A-9FD5-E1751048DBD6}.Debug|Any CPU.ActiveCfg = Debug|Any CPU
		{2750996B-E7A0-463A-9FD5-E1751048DBD6}.Debug|Any CPU.Build.0 = Debug|Any CPU
		{2750996B-E7A0-463A-9FD5-E1751048DBD6}.Release|Any CPU.ActiveCfg = Release|Any CPU
		{2750996B-E7A0-463A-9FD5-E1751048DBD6}.Release|Any CPU.Build.0 = Release|Any CPU
	EndGlobalSection
	GlobalSection(SolutionProperties) = preSolution
		HideSolutionNode = FALSE
	EndGlobalSection
	GlobalSection(ExtensibilityGlobals) = postSolution
		SolutionGuid = {67E9A938-4AE9-42AB-B83F-BE73765F9749}
	EndGlobalSection
EndGlobal
