
Microsoft Visual Studio Solution File, Format Version 12.00
# Visual Studio 15
VisualStudioVersion = 15.0.27004.2002
MinimumVisualStudioVersion = 10.0.40219.1
Project("{FAE04EC0-301F-11D3-BF4B-00C04F79EFBC}") = "EncDecApp", "EncDecApp\EncDecApp.csproj", "{672CCAE6-AC0E-4D4F-A343-04575DD3099A}"
EndProject
Global
	GlobalSection(SolutionConfigurationPlatforms) = preSolution
		Debug|Any CPU = Debug|Any CPU
		Release|Any CPU = Release|Any CPU
	EndGlobalSection
	GlobalSection(ProjectConfigurationPlatforms) = postSolution
		{672CCAE6-AC0E-4D4F-A343-04575DD3099A}.Debug|Any CPU.ActiveCfg = Debug|Any CPU
		{672CCAE6-AC0E-4D4F-A343-04575DD3099A}.Debug|Any CPU.Build.0 = Debug|Any CPU
		{672CCAE6-AC0E-4D4F-A343-04575DD3099A}.Release|Any CPU.ActiveCfg = Release|Any CPU
		{672CCAE6-AC0E-4D4F-A343-04575DD3099A}.Release|Any CPU.Build.0 = Release|Any CPU
	EndGlobalSection
	GlobalSection(SolutionProperties) = preSolution
		HideSolutionNode = FALSE
	EndGlobalSection
	GlobalSection(ExtensibilityGlobals) = postSolution
		SolutionGuid = {2860A01A-FF89-4FD9-A91B-E14AD1275FC3}
	EndGlobalSection
EndGlobal
