
Microsoft Visual Studio Solution File, Format Version 12.00
# Visual Studio 15
VisualStudioVersion = 15.0.27130.2036
MinimumVisualStudioVersion = 10.0.40219.1
Project("{FAE04EC0-301F-11D3-BF4B-00C04F79EFBC}") = "InterimDesktopApp", "InterimDesktopApp\InterimDesktopApp.csproj", "{C8F82D0E-4420-4E10-BB32-DB85F0F09D62}"
EndProject
Project("{FAE04EC0-301F-11D3-BF4B-00C04F79EFBC}") = "InterimCouClasse", "InterimCouClasse\InterimCouClasse.csproj", "{05DBD969-D17D-47B2-B014-352DC0E3344F}"
EndProject
Project("{FAE04EC0-301F-11D3-BF4B-00C04F79EFBC}") = "InterimCouAccess", "InterimCouAccess\InterimCouAccess.csproj", "{521DDAA7-8D23-4B84-97FD-76735815C16C}"
EndProject
Project("{FAE04EC0-301F-11D3-BF4B-00C04F79EFBC}") = "InterimCouGestion", "InterimCouGestion\InterimCouGestion.csproj", "{A86491B4-E22D-4852-B84B-40E9936869F0}"
EndProject
Global
	GlobalSection(SolutionConfigurationPlatforms) = preSolution
		Debug|Any CPU = Debug|Any CPU
		Release|Any CPU = Release|Any CPU
	EndGlobalSection
	GlobalSection(ProjectConfigurationPlatforms) = postSolution
		{C8F82D0E-4420-4E10-BB32-DB85F0F09D62}.Debug|Any CPU.ActiveCfg = Debug|Any CPU
		{C8F82D0E-4420-4E10-BB32-DB85F0F09D62}.Debug|Any CPU.Build.0 = Debug|Any CPU
		{C8F82D0E-4420-4E10-BB32-DB85F0F09D62}.Release|Any CPU.ActiveCfg = Release|Any CPU
		{C8F82D0E-4420-4E10-BB32-DB85F0F09D62}.Release|Any CPU.Build.0 = Release|Any CPU
		{05DBD969-D17D-47B2-B014-352DC0E3344F}.Debug|Any CPU.ActiveCfg = Debug|Any CPU
		{05DBD969-D17D-47B2-B014-352DC0E3344F}.Debug|Any CPU.Build.0 = Debug|Any CPU
		{05DBD969-D17D-47B2-B014-352DC0E3344F}.Release|Any CPU.ActiveCfg = Release|Any CPU
		{05DBD969-D17D-47B2-B014-352DC0E3344F}.Release|Any CPU.Build.0 = Release|Any CPU
		{521DDAA7-8D23-4B84-97FD-76735815C16C}.Debug|Any CPU.ActiveCfg = Debug|Any CPU
		{521DDAA7-8D23-4B84-97FD-76735815C16C}.Debug|Any CPU.Build.0 = Debug|Any CPU
		{521DDAA7-8D23-4B84-97FD-76735815C16C}.Release|Any CPU.ActiveCfg = Release|Any CPU
		{521DDAA7-8D23-4B84-97FD-76735815C16C}.Release|Any CPU.Build.0 = Release|Any CPU
		{A86491B4-E22D-4852-B84B-40E9936869F0}.Debug|Any CPU.ActiveCfg = Debug|Any CPU
		{A86491B4-E22D-4852-B84B-40E9936869F0}.Debug|Any CPU.Build.0 = Debug|Any CPU
		{A86491B4-E22D-4852-B84B-40E9936869F0}.Release|Any CPU.ActiveCfg = Release|Any CPU
		{A86491B4-E22D-4852-B84B-40E9936869F0}.Release|Any CPU.Build.0 = Release|Any CPU
	EndGlobalSection
	GlobalSection(SolutionProperties) = preSolution
		HideSolutionNode = FALSE
	EndGlobalSection
	GlobalSection(ExtensibilityGlobals) = postSolution
		SolutionGuid = {991F7A12-E2E2-45F5-8896-8FAC367044BE}
	EndGlobalSection
EndGlobal
