
Microsoft Visual Studio Solution File, Format Version 12.00
# Visual Studio 15
VisualStudioVersion = 15.0.27130.2036
MinimumVisualStudioVersion = 10.0.40219.1
Project("{FAE04EC0-301F-11D3-BF4B-00C04F79EFBC}") = "Memory Game", "Memory Game\Memory Game.csproj", "{04A517D5-9686-4EA5-BEEB-49C7F04278AE}"
EndProject
Global
	GlobalSection(SolutionConfigurationPlatforms) = preSolution
		Debug|Any CPU = Debug|Any CPU
		Release|Any CPU = Release|Any CPU
	EndGlobalSection
	GlobalSection(ProjectConfigurationPlatforms) = postSolution
		{04A517D5-9686-4EA5-BEEB-49C7F04278AE}.Debug|Any CPU.ActiveCfg = Debug|Any CPU
		{04A517D5-9686-4EA5-BEEB-49C7F04278AE}.Debug|Any CPU.Build.0 = Debug|Any CPU
		{04A517D5-9686-4EA5-BEEB-49C7F04278AE}.Release|Any CPU.ActiveCfg = Release|Any CPU
		{04A517D5-9686-4EA5-BEEB-49C7F04278AE}.Release|Any CPU.Build.0 = Release|Any CPU
	EndGlobalSection
	GlobalSection(SolutionProperties) = preSolution
		HideSolutionNode = FALSE
	EndGlobalSection
	GlobalSection(ExtensibilityGlobals) = postSolution
		SolutionGuid = {74DDA4D7-3644-40B3-856A-C291C5D70824}
	EndGlobalSection
EndGlobal
