
Microsoft Visual Studio Solution File, Format Version 12.00
# Visual Studio 15
VisualStudioVersion = 15.0.27004.2002
MinimumVisualStudioVersion = 10.0.40219.1
Project("{FAE04EC0-301F-11D3-BF4B-00C04F79EFBC}") = "Statistics", "Statistics\Statistics.csproj", "{4F8305D0-545F-4DF1-83FD-3AAFE9034995}"
EndProject
Global
	GlobalSection(SolutionConfigurationPlatforms) = preSolution
		Debug|Any CPU = Debug|Any CPU
		Release|Any CPU = Release|Any CPU
	EndGlobalSection
	GlobalSection(ProjectConfigurationPlatforms) = postSolution
		{4F8305D0-545F-4DF1-83FD-3AAFE9034995}.Debug|Any CPU.ActiveCfg = Debug|Any CPU
		{4F8305D0-545F-4DF1-83FD-3AAFE9034995}.Debug|Any CPU.Build.0 = Debug|Any CPU
		{4F8305D0-545F-4DF1-83FD-3AAFE9034995}.Release|Any CPU.ActiveCfg = Release|Any CPU
		{4F8305D0-545F-4DF1-83FD-3AAFE9034995}.Release|Any CPU.Build.0 = Release|Any CPU
	EndGlobalSection
	GlobalSection(SolutionProperties) = preSolution
		HideSolutionNode = FALSE
	EndGlobalSection
	GlobalSection(ExtensibilityGlobals) = postSolution
		SolutionGuid = {E54A1E56-4213-4A35-B607-B8AD56F3C874}
	EndGlobalSection
EndGlobal
